
Microsoft Visual Studio Solution File, Format Version 12.00
# Visual Studio Version 16
VisualStudioVersion = 16.0.31129.286
MinimumVisualStudioVersion = 10.0.40219.1
Project("{FAE04EC0-301F-11D3-BF4B-00C04F79EFBC}") = "LoginWindow", "LoginWindow\LoginWindow.csproj", "{6E470458-E7C8-409E-9979-8CB74FB386D4}"
EndProject
Global
	GlobalSection(SolutionConfigurationPlatforms) = preSolution
		Debug|Any CPU = Debug|Any CPU
		Release|Any CPU = Release|Any CPU
	EndGlobalSection
	GlobalSection(ProjectConfigurationPlatforms) = postSolution
		{6E470458-E7C8-409E-9979-8CB74FB386D4}.Debug|Any CPU.ActiveCfg = Debug|Any CPU
		{6E470458-E7C8-409E-9979-8CB74FB386D4}.Debug|Any CPU.Build.0 = Debug|Any CPU
		{6E470458-E7C8-409E-9979-8CB74FB386D4}.Release|Any CPU.ActiveCfg = Release|Any CPU
		{6E470458-E7C8-409E-9979-8CB74FB386D4}.Release|Any CPU.Build.0 = Release|Any CPU
	EndGlobalSection
	GlobalSection(SolutionProperties) = preSolution
		HideSolutionNode = FALSE
	EndGlobalSection
	GlobalSection(ExtensibilityGlobals) = postSolution
		SolutionGuid = {EA5D1AD1-69BF-45AB-9927-F5E9ED639721}
	EndGlobalSection
EndGlobal
